// !$*UTF8*$!
{
	archiveVersion = 1;
	classes = {
	};
	objectVersion = 51;
	objects = {

/* Begin PBXBuildFile section */
		46A1B7AD6E8D803FA8146B86 /* Pods_CityAirports.framework in Frameworks */ = {isa = PBXBuildFile; fileRef = 338673CDC47D83F69F299552 /* Pods_CityAirports.framework */; };
		5D2A7A6722D3C3694200E44C /* Pods_CityAirports_CityAirportsUITests.framework in Frameworks */ = {isa = PBXBuildFile; fileRef = 9A3A5843E8CB53C0EE253CDE /* Pods_CityAirports_CityAirportsUITests.framework */; };
		6DE70D7941422CB684A2F7FB /* Pods_CityAirportsTests.framework in Frameworks */ = {isa = PBXBuildFile; fileRef = 5F05B42AB06A594DECEE0B19 /* Pods_CityAirportsTests.framework */; };
		912D1CEB242E9D000045C831 /* CityViewModel.swift in Sources */ = {isa = PBXBuildFile; fileRef = 912D1CEA242E9D000045C831 /* CityViewModel.swift */; };
		912D1CEF242EA92F0045C831 /* CityCell.swift in Sources */ = {isa = PBXBuildFile; fileRef = 912D1CED242EA92F0045C831 /* CityCell.swift */; };
		912D1CF0242EA92F0045C831 /* CityCell.xib in Resources */ = {isa = PBXBuildFile; fileRef = 912D1CEE242EA92F0045C831 /* CityCell.xib */; };
		91C30B4F2422AEDC0099E872 /* AppDelegate.swift in Sources */ = {isa = PBXBuildFile; fileRef = 91C30B4E2422AEDC0099E872 /* AppDelegate.swift */; };
		91C30B512422AEDC0099E872 /* SceneDelegate.swift in Sources */ = {isa = PBXBuildFile; fileRef = 91C30B502422AEDC0099E872 /* SceneDelegate.swift */; };
		91C30B562422AEDC0099E872 /* Main.storyboard in Resources */ = {isa = PBXBuildFile; fileRef = 91C30B542422AEDC0099E872 /* Main.storyboard */; };
		91C30B582422AEDF0099E872 /* Assets.xcassets in Resources */ = {isa = PBXBuildFile; fileRef = 91C30B572422AEDF0099E872 /* Assets.xcassets */; };
		91C30B5B2422AEDF0099E872 /* LaunchScreen.storyboard in Resources */ = {isa = PBXBuildFile; fileRef = 91C30B592422AEDF0099E872 /* LaunchScreen.storyboard */; };
		91C30B662422AEE00099E872 /* CityAirportsTests.swift in Sources */ = {isa = PBXBuildFile; fileRef = 91C30B652422AEE00099E872 /* CityAirportsTests.swift */; };
		91C30B712422AEE00099E872 /* CityAirportsUITests.swift in Sources */ = {isa = PBXBuildFile; fileRef = 91C30B702422AEE00099E872 /* CityAirportsUITests.swift */; };
		91C30B7F2422B0350099E872 /* README.md in Resources */ = {isa = PBXBuildFile; fileRef = 91C30B7E2422B0350099E872 /* README.md */; };
		91C30B812422B04D0099E872 /* .gitignore in Resources */ = {isa = PBXBuildFile; fileRef = 91C30B802422B04D0099E872 /* .gitignore */; };
		91C30B8C2422B2E50099E872 /* SearchCityViewController.swift in Sources */ = {isa = PBXBuildFile; fileRef = 91C30B8B2422B2E50099E872 /* SearchCityViewController.swift */; };
		91C30B8F2422BDB60099E872 /* Storyboardable.swift in Sources */ = {isa = PBXBuildFile; fileRef = 91C30B8E2422BDB60099E872 /* Storyboardable.swift */; };
		91C30B922422BE590099E872 /* Coordinator.swift in Sources */ = {isa = PBXBuildFile; fileRef = 91C30B912422BE590099E872 /* Coordinator.swift */; };
		91C30B942422BE7D0099E872 /* BaseCoordinator.swift in Sources */ = {isa = PBXBuildFile; fileRef = 91C30B932422BE7D0099E872 /* BaseCoordinator.swift */; };
		91C30B962422BEAA0099E872 /* AppCoordinator.swift in Sources */ = {isa = PBXBuildFile; fileRef = 91C30B952422BEAA0099E872 /* AppCoordinator.swift */; };
		91C30B992422BF0D0099E872 /* SearchCityViewModel.swift in Sources */ = {isa = PBXBuildFile; fileRef = 91C30B982422BF0D0099E872 /* SearchCityViewModel.swift */; };
		91C30B9C2422BF9B0099E872 /* SearchCityCoordinator.swift in Sources */ = {isa = PBXBuildFile; fileRef = 91C30B9B2422BF9B0099E872 /* SearchCityCoordinator.swift */; };
		91C30BA02422C5B00099E872 /* HttpRouter.swift in Sources */ = {isa = PBXBuildFile; fileRef = 91C30B9F2422C5B00099E872 /* HttpRouter.swift */; };
		91C30BA22422C76F0099E872 /* HttpService.swift in Sources */ = {isa = PBXBuildFile; fileRef = 91C30BA12422C76F0099E872 /* HttpService.swift */; };
		91C30BA42422C8630099E872 /* AirportHttpService.swift in Sources */ = {isa = PBXBuildFile; fileRef = 91C30BA32422C8630099E872 /* AirportHttpService.swift */; };
		91C30BA72422C91B0099E872 /* AirportHttpRouter.swift in Sources */ = {isa = PBXBuildFile; fileRef = 91C30BA62422C91B0099E872 /* AirportHttpRouter.swift */; };
		91C30BA92422D0170099E872 /* AirportService.swift in Sources */ = {isa = PBXBuildFile; fileRef = 91C30BA82422D0170099E872 /* AirportService.swift */; };
		91C30BAB2422E70F0099E872 /* AirportAPI.swift in Sources */ = {isa = PBXBuildFile; fileRef = 91C30BAA2422E70F0099E872 /* AirportAPI.swift */; };
		91C30BAE2422E82D0099E872 /* AirportModel.swift in Sources */ = {isa = PBXBuildFile; fileRef = 91C30BAD2422E82D0099E872 /* AirportModel.swift */; };
		91C30BB02423029D0099E872 /* CustomError.swift in Sources */ = {isa = PBXBuildFile; fileRef = 91C30BAF2423029D0099E872 /* CustomError.swift */; };
/* End PBXBuildFile section */

/* Begin PBXContainerItemProxy section */
		91C30B622422AEDF0099E872 /* PBXContainerItemProxy */ = {
			isa = PBXContainerItemProxy;
			containerPortal = 91C30B432422AEDC0099E872 /* Project object */;
			proxyType = 1;
			remoteGlobalIDString = 91C30B4A2422AEDC0099E872;
			remoteInfo = CityAirports;
		};
		91C30B6D2422AEE00099E872 /* PBXContainerItemProxy */ = {
			isa = PBXContainerItemProxy;
			containerPortal = 91C30B432422AEDC0099E872 /* Project object */;
			proxyType = 1;
			remoteGlobalIDString = 91C30B4A2422AEDC0099E872;
			remoteInfo = CityAirports;
		};
/* End PBXContainerItemProxy section */

/* Begin PBXFileReference section */
		18266E29106BDCAE39A0D675 /* Pods-CityAirportsTests.release.xcconfig */ = {isa = PBXFileReference; includeInIndex = 1; lastKnownFileType = text.xcconfig; name = "Pods-CityAirportsTests.release.xcconfig"; path = "Target Support Files/Pods-CityAirportsTests/Pods-CityAirportsTests.release.xcconfig"; sourceTree = "<group>"; };
		22AEE4B4C86873294F5D4584 /* Pods-CityAirports-CityAirportsUITests.debug.xcconfig */ = {isa = PBXFileReference; includeInIndex = 1; lastKnownFileType = text.xcconfig; name = "Pods-CityAirports-CityAirportsUITests.debug.xcconfig"; path = "Target Support Files/Pods-CityAirports-CityAirportsUITests/Pods-CityAirports-CityAirportsUITests.debug.xcconfig"; sourceTree = "<group>"; };
		2EBF6339BC319BC994E9DBB8 /* Pods-CityAirports.release.xcconfig */ = {isa = PBXFileReference; includeInIndex = 1; lastKnownFileType = text.xcconfig; name = "Pods-CityAirports.release.xcconfig"; path = "Target Support Files/Pods-CityAirports/Pods-CityAirports.release.xcconfig"; sourceTree = "<group>"; };
		338673CDC47D83F69F299552 /* Pods_CityAirports.framework */ = {isa = PBXFileReference; explicitFileType = wrapper.framework; includeInIndex = 0; path = Pods_CityAirports.framework; sourceTree = BUILT_PRODUCTS_DIR; };
		3F55ECABD93B1317628D36E1 /* Pods-CityAirportsTests.debug.xcconfig */ = {isa = PBXFileReference; includeInIndex = 1; lastKnownFileType = text.xcconfig; name = "Pods-CityAirportsTests.debug.xcconfig"; path = "Target Support Files/Pods-CityAirportsTests/Pods-CityAirportsTests.debug.xcconfig"; sourceTree = "<group>"; };
		4F00A303237DB2BDB947E65E /* Pods-CityAirports-CityAirportsUITests.release.xcconfig */ = {isa = PBXFileReference; includeInIndex = 1; lastKnownFileType = text.xcconfig; name = "Pods-CityAirports-CityAirportsUITests.release.xcconfig"; path = "Target Support Files/Pods-CityAirports-CityAirportsUITests/Pods-CityAirports-CityAirportsUITests.release.xcconfig"; sourceTree = "<group>"; };
		5F05B42AB06A594DECEE0B19 /* Pods_CityAirportsTests.framework */ = {isa = PBXFileReference; explicitFileType = wrapper.framework; includeInIndex = 0; path = Pods_CityAirportsTests.framework; sourceTree = BUILT_PRODUCTS_DIR; };
		912D1CEA242E9D000045C831 /* CityViewModel.swift */ = {isa = PBXFileReference; lastKnownFileType = sourcecode.swift; path = CityViewModel.swift; sourceTree = "<group>"; };
		912D1CED242EA92F0045C831 /* CityCell.swift */ = {isa = PBXFileReference; lastKnownFileType = sourcecode.swift; path = CityCell.swift; sourceTree = "<group>"; };
		912D1CEE242EA92F0045C831 /* CityCell.xib */ = {isa = PBXFileReference; lastKnownFileType = file.xib; path = CityCell.xib; sourceTree = "<group>"; };
		91C30B4B2422AEDC0099E872 /* CityAirports.app */ = {isa = PBXFileReference; explicitFileType = wrapper.application; includeInIndex = 0; path = CityAirports.app; sourceTree = BUILT_PRODUCTS_DIR; };
		91C30B4E2422AEDC0099E872 /* AppDelegate.swift */ = {isa = PBXFileReference; lastKnownFileType = sourcecode.swift; path = AppDelegate.swift; sourceTree = "<group>"; };
		91C30B502422AEDC0099E872 /* SceneDelegate.swift */ = {isa = PBXFileReference; lastKnownFileType = sourcecode.swift; path = SceneDelegate.swift; sourceTree = "<group>"; };
		91C30B552422AEDC0099E872 /* Base */ = {isa = PBXFileReference; lastKnownFileType = file.storyboard; name = Base; path = Base.lproj/Main.storyboard; sourceTree = "<group>"; };
		91C30B572422AEDF0099E872 /* Assets.xcassets */ = {isa = PBXFileReference; lastKnownFileType = folder.assetcatalog; path = Assets.xcassets; sourceTree = "<group>"; };
		91C30B5A2422AEDF0099E872 /* Base */ = {isa = PBXFileReference; lastKnownFileType = file.storyboard; name = Base; path = Base.lproj/LaunchScreen.storyboard; sourceTree = "<group>"; };
		91C30B5C2422AEDF0099E872 /* Info.plist */ = {isa = PBXFileReference; lastKnownFileType = text.plist.xml; path = Info.plist; sourceTree = "<group>"; };
		91C30B612422AEDF0099E872 /* CityAirportsTests.xctest */ = {isa = PBXFileReference; explicitFileType = wrapper.cfbundle; includeInIndex = 0; path = CityAirportsTests.xctest; sourceTree = BUILT_PRODUCTS_DIR; };
		91C30B652422AEE00099E872 /* CityAirportsTests.swift */ = {isa = PBXFileReference; lastKnownFileType = sourcecode.swift; path = CityAirportsTests.swift; sourceTree = "<group>"; };
		91C30B672422AEE00099E872 /* Info.plist */ = {isa = PBXFileReference; lastKnownFileType = text.plist.xml; path = Info.plist; sourceTree = "<group>"; };
		91C30B6C2422AEE00099E872 /* CityAirportsUITests.xctest */ = {isa = PBXFileReference; explicitFileType = wrapper.cfbundle; includeInIndex = 0; path = CityAirportsUITests.xctest; sourceTree = BUILT_PRODUCTS_DIR; };
		91C30B702422AEE00099E872 /* CityAirportsUITests.swift */ = {isa = PBXFileReference; lastKnownFileType = sourcecode.swift; path = CityAirportsUITests.swift; sourceTree = "<group>"; };
		91C30B722422AEE00099E872 /* Info.plist */ = {isa = PBXFileReference; lastKnownFileType = text.plist.xml; path = Info.plist; sourceTree = "<group>"; };
		91C30B7E2422B0350099E872 /* README.md */ = {isa = PBXFileReference; lastKnownFileType = net.daringfireball.markdown; path = README.md; sourceTree = "<group>"; };
		91C30B802422B04D0099E872 /* .gitignore */ = {isa = PBXFileReference; lastKnownFileType = text; path = .gitignore; sourceTree = "<group>"; };
		91C30B8B2422B2E50099E872 /* SearchCityViewController.swift */ = {isa = PBXFileReference; lastKnownFileType = sourcecode.swift; path = SearchCityViewController.swift; sourceTree = "<group>"; };
		91C30B8E2422BDB60099E872 /* Storyboardable.swift */ = {isa = PBXFileReference; lastKnownFileType = sourcecode.swift; path = Storyboardable.swift; sourceTree = "<group>"; };
		91C30B912422BE590099E872 /* Coordinator.swift */ = {isa = PBXFileReference; lastKnownFileType = sourcecode.swift; path = Coordinator.swift; sourceTree = "<group>"; };
		91C30B932422BE7D0099E872 /* BaseCoordinator.swift */ = {isa = PBXFileReference; lastKnownFileType = sourcecode.swift; path = BaseCoordinator.swift; sourceTree = "<group>"; };
		91C30B952422BEAA0099E872 /* AppCoordinator.swift */ = {isa = PBXFileReference; lastKnownFileType = sourcecode.swift; path = AppCoordinator.swift; sourceTree = "<group>"; };
		91C30B982422BF0D0099E872 /* SearchCityViewModel.swift */ = {isa = PBXFileReference; lastKnownFileType = sourcecode.swift; path = SearchCityViewModel.swift; sourceTree = "<group>"; };
		91C30B9B2422BF9B0099E872 /* SearchCityCoordinator.swift */ = {isa = PBXFileReference; lastKnownFileType = sourcecode.swift; path = SearchCityCoordinator.swift; sourceTree = "<group>"; };
		91C30B9F2422C5B00099E872 /* HttpRouter.swift */ = {isa = PBXFileReference; lastKnownFileType = sourcecode.swift; path = HttpRouter.swift; sourceTree = "<group>"; };
		91C30BA12422C76F0099E872 /* HttpService.swift */ = {isa = PBXFileReference; lastKnownFileType = sourcecode.swift; path = HttpService.swift; sourceTree = "<group>"; };
		91C30BA32422C8630099E872 /* AirportHttpService.swift */ = {isa = PBXFileReference; lastKnownFileType = sourcecode.swift; path = AirportHttpService.swift; sourceTree = "<group>"; };
		91C30BA62422C91B0099E872 /* AirportHttpRouter.swift */ = {isa = PBXFileReference; lastKnownFileType = sourcecode.swift; path = AirportHttpRouter.swift; sourceTree = "<group>"; };
		91C30BA82422D0170099E872 /* AirportService.swift */ = {isa = PBXFileReference; lastKnownFileType = sourcecode.swift; path = AirportService.swift; sourceTree = "<group>"; };
		91C30BAA2422E70F0099E872 /* AirportAPI.swift */ = {isa = PBXFileReference; lastKnownFileType = sourcecode.swift; path = AirportAPI.swift; sourceTree = "<group>"; };
		91C30BAD2422E82D0099E872 /* AirportModel.swift */ = {isa = PBXFileReference; lastKnownFileType = sourcecode.swift; path = AirportModel.swift; sourceTree = "<group>"; };
		91C30BAF2423029D0099E872 /* CustomError.swift */ = {isa = PBXFileReference; lastKnownFileType = sourcecode.swift; path = CustomError.swift; sourceTree = "<group>"; };
		9A3A5843E8CB53C0EE253CDE /* Pods_CityAirports_CityAirportsUITests.framework */ = {isa = PBXFileReference; explicitFileType = wrapper.framework; includeInIndex = 0; path = Pods_CityAirports_CityAirportsUITests.framework; sourceTree = BUILT_PRODUCTS_DIR; };
		D53C07DD5B7ABE57F3AE9B1A /* Pods-CityAirports.debug.xcconfig */ = {isa = PBXFileReference; includeInIndex = 1; lastKnownFileType = text.xcconfig; name = "Pods-CityAirports.debug.xcconfig"; path = "Target Support Files/Pods-CityAirports/Pods-CityAirports.debug.xcconfig"; sourceTree = "<group>"; };
/* End PBXFileReference section */

/* Begin PBXFrameworksBuildPhase section */
		91C30B482422AEDC0099E872 /* Frameworks */ = {
			isa = PBXFrameworksBuildPhase;
			buildActionMask = 2147483647;
			files = (
				46A1B7AD6E8D803FA8146B86 /* Pods_CityAirports.framework in Frameworks */,
			);
			runOnlyForDeploymentPostprocessing = 0;
		};
		91C30B5E2422AEDF0099E872 /* Frameworks */ = {
			isa = PBXFrameworksBuildPhase;
			buildActionMask = 2147483647;
			files = (
				6DE70D7941422CB684A2F7FB /* Pods_CityAirportsTests.framework in Frameworks */,
			);
			runOnlyForDeploymentPostprocessing = 0;
		};
		91C30B692422AEE00099E872 /* Frameworks */ = {
			isa = PBXFrameworksBuildPhase;
			buildActionMask = 2147483647;
			files = (
				5D2A7A6722D3C3694200E44C /* Pods_CityAirports_CityAirportsUITests.framework in Frameworks */,
			);
			runOnlyForDeploymentPostprocessing = 0;
		};
/* End PBXFrameworksBuildPhase section */

/* Begin PBXGroup section */
		30A13DFFD2E0A653F60AD783 /* Frameworks */ = {
			isa = PBXGroup;
			children = (
				338673CDC47D83F69F299552 /* Pods_CityAirports.framework */,
				9A3A5843E8CB53C0EE253CDE /* Pods_CityAirports_CityAirportsUITests.framework */,
				5F05B42AB06A594DECEE0B19 /* Pods_CityAirportsTests.framework */,
			);
			name = Frameworks;
			sourceTree = "<group>";
		};
		39450AC0A390E3EEFBBF96B4 /* Pods */ = {
			isa = PBXGroup;
			children = (
				D53C07DD5B7ABE57F3AE9B1A /* Pods-CityAirports.debug.xcconfig */,
				2EBF6339BC319BC994E9DBB8 /* Pods-CityAirports.release.xcconfig */,
				22AEE4B4C86873294F5D4584 /* Pods-CityAirports-CityAirportsUITests.debug.xcconfig */,
				4F00A303237DB2BDB947E65E /* Pods-CityAirports-CityAirportsUITests.release.xcconfig */,
				3F55ECABD93B1317628D36E1 /* Pods-CityAirportsTests.debug.xcconfig */,
				18266E29106BDCAE39A0D675 /* Pods-CityAirportsTests.release.xcconfig */,
			);
			path = Pods;
			sourceTree = "<group>";
		};
		912D1CEC242EA8ED0045C831 /* Cell */ = {
			isa = PBXGroup;
			children = (
				912D1CED242EA92F0045C831 /* CityCell.swift */,
				912D1CEE242EA92F0045C831 /* CityCell.xib */,
			);
			path = Cell;
			sourceTree = "<group>";
		};
		91C30B422422AEDC0099E872 = {
			isa = PBXGroup;
			children = (
				91C30B4D2422AEDC0099E872 /* CityAirports */,
				91C30B802422B04D0099E872 /* .gitignore */,
				91C30B7E2422B0350099E872 /* README.md */,
				91C30B642422AEE00099E872 /* CityAirportsTests */,
				91C30B6F2422AEE00099E872 /* CityAirportsUITests */,
				91C30B4C2422AEDC0099E872 /* Products */,
				39450AC0A390E3EEFBBF96B4 /* Pods */,
				30A13DFFD2E0A653F60AD783 /* Frameworks */,
			);
			sourceTree = "<group>";
		};
		91C30B4C2422AEDC0099E872 /* Products */ = {
			isa = PBXGroup;
			children = (
				91C30B4B2422AEDC0099E872 /* CityAirports.app */,
				91C30B612422AEDF0099E872 /* CityAirportsTests.xctest */,
				91C30B6C2422AEE00099E872 /* CityAirportsUITests.xctest */,
			);
			name = Products;
			sourceTree = "<group>";
		};
		91C30B4D2422AEDC0099E872 /* CityAirports */ = {
			isa = PBXGroup;
			children = (
				91C30B822422B1890099E872 /* Application */,
				91C30B832422B19B0099E872 /* Support Files */,
				91C30B842422B1A80099E872 /* Resources */,
				91C30B9D2422C5290099E872 /* Service */,
				91C30B8D2422BD750099E872 /* Shared */,
				91C30BAC2422E7CC0099E872 /* Model */,
				91C30B902422BE060099E872 /* Coordinator */,
				91C30B862422B1CC0099E872 /* Scenes */,
			);
			path = CityAirports;
			sourceTree = "<group>";
		};
		91C30B642422AEE00099E872 /* CityAirportsTests */ = {
			isa = PBXGroup;
			children = (
				91C30B652422AEE00099E872 /* CityAirportsTests.swift */,
				91C30B672422AEE00099E872 /* Info.plist */,
			);
			path = CityAirportsTests;
			sourceTree = "<group>";
		};
		91C30B6F2422AEE00099E872 /* CityAirportsUITests */ = {
			isa = PBXGroup;
			children = (
				91C30B702422AEE00099E872 /* CityAirportsUITests.swift */,
				91C30B722422AEE00099E872 /* Info.plist */,
			);
			path = CityAirportsUITests;
			sourceTree = "<group>";
		};
		91C30B822422B1890099E872 /* Application */ = {
			isa = PBXGroup;
			children = (
				91C30B4E2422AEDC0099E872 /* AppDelegate.swift */,
				91C30B502422AEDC0099E872 /* SceneDelegate.swift */,
			);
			path = Application;
			sourceTree = "<group>";
		};
		91C30B832422B19B0099E872 /* Support Files */ = {
			isa = PBXGroup;
			children = (
				91C30B5C2422AEDF0099E872 /* Info.plist */,
			);
			path = "Support Files";
			sourceTree = "<group>";
		};
		91C30B842422B1A80099E872 /* Resources */ = {
			isa = PBXGroup;
			children = (
				91C30B882422B1EC0099E872 /* Storyboards */,
				91C30B852422B1B70099E872 /* Images */,
			);
			path = Resources;
			sourceTree = "<group>";
		};
		91C30B852422B1B70099E872 /* Images */ = {
			isa = PBXGroup;
			children = (
				91C30B572422AEDF0099E872 /* Assets.xcassets */,
			);
			path = Images;
			sourceTree = "<group>";
		};
		91C30B862422B1CC0099E872 /* Scenes */ = {
			isa = PBXGroup;
			children = (
				91C30B872422B1D70099E872 /* Launch Screen */,
				91C30B892422B2690099E872 /* Search City */,
			);
			path = Scenes;
			sourceTree = "<group>";
		};
		91C30B872422B1D70099E872 /* Launch Screen */ = {
			isa = PBXGroup;
			children = (
				91C30B592422AEDF0099E872 /* LaunchScreen.storyboard */,
			);
			path = "Launch Screen";
			sourceTree = "<group>";
		};
		91C30B882422B1EC0099E872 /* Storyboards */ = {
			isa = PBXGroup;
			children = (
				91C30B542422AEDC0099E872 /* Main.storyboard */,
			);
			path = Storyboards;
			sourceTree = "<group>";
		};
		91C30B892422B2690099E872 /* Search City */ = {
			isa = PBXGroup;
			children = (
				91C30B8A2422B2910099E872 /* View */,
				91C30B972422BEDE0099E872 /* ViewModel */,
				91C30B9A2422BF440099E872 /* Coordinator */,
			);
			path = "Search City";
			sourceTree = "<group>";
		};
		91C30B8A2422B2910099E872 /* View */ = {
			isa = PBXGroup;
			children = (
				912D1CEC242EA8ED0045C831 /* Cell */,
				91C30B8B2422B2E50099E872 /* SearchCityViewController.swift */,
			);
			path = View;
			sourceTree = "<group>";
		};
		91C30B8D2422BD750099E872 /* Shared */ = {
			isa = PBXGroup;
			children = (
				91C30B8E2422BDB60099E872 /* Storyboardable.swift */,
			);
			path = Shared;
			sourceTree = "<group>";
		};
		91C30B902422BE060099E872 /* Coordinator */ = {
			isa = PBXGroup;
			children = (
				91C30B912422BE590099E872 /* Coordinator.swift */,
				91C30B932422BE7D0099E872 /* BaseCoordinator.swift */,
				91C30B952422BEAA0099E872 /* AppCoordinator.swift */,
			);
			path = Coordinator;
			sourceTree = "<group>";
		};
		91C30B972422BEDE0099E872 /* ViewModel */ = {
			isa = PBXGroup;
			children = (
				91C30B982422BF0D0099E872 /* SearchCityViewModel.swift */,
				912D1CEA242E9D000045C831 /* CityViewModel.swift */,
			);
			path = ViewModel;
			sourceTree = "<group>";
		};
		91C30B9A2422BF440099E872 /* Coordinator */ = {
			isa = PBXGroup;
			children = (
				91C30B9B2422BF9B0099E872 /* SearchCityCoordinator.swift */,
			);
			path = Coordinator;
			sourceTree = "<group>";
		};
		91C30B9D2422C5290099E872 /* Service */ = {
			isa = PBXGroup;
			children = (
				91C30B9E2422C5360099E872 /* Http */,
				91C30BA82422D0170099E872 /* AirportService.swift */,
				91C30BAA2422E70F0099E872 /* AirportAPI.swift */,
			);
			path = Service;
			sourceTree = "<group>";
		};
		91C30B9E2422C5360099E872 /* Http */ = {
			isa = PBXGroup;
			children = (
				91C30B9F2422C5B00099E872 /* HttpRouter.swift */,
				91C30BA12422C76F0099E872 /* HttpService.swift */,
				91C30BA32422C8630099E872 /* AirportHttpService.swift */,
				91C30BA62422C91B0099E872 /* AirportHttpRouter.swift */,
			);
			path = Http;
			sourceTree = "<group>";
		};
		91C30BAC2422E7CC0099E872 /* Model */ = {
			isa = PBXGroup;
			children = (
				91C30BAD2422E82D0099E872 /* AirportModel.swift */,
				91C30BAF2423029D0099E872 /* CustomError.swift */,
			);
			path = Model;
			sourceTree = "<group>";
		};
/* End PBXGroup section */

/* Begin PBXNativeTarget section */
		91C30B4A2422AEDC0099E872 /* CityAirports */ = {
			isa = PBXNativeTarget;
			buildConfigurationList = 91C30B752422AEE00099E872 /* Build configuration list for PBXNativeTarget "CityAirports" */;
			buildPhases = (
				75CE8D87AC5CA9B47E83C4EA /* [CP] Check Pods Manifest.lock */,
				91C30B472422AEDC0099E872 /* Sources */,
				91C30B482422AEDC0099E872 /* Frameworks */,
				91C30B492422AEDC0099E872 /* Resources */,
				504185FF050A27215BFA6C6E /* [CP] Embed Pods Frameworks */,
			);
			buildRules = (
			);
			dependencies = (
			);
			name = CityAirports;
			productName = CityAirports;
			productReference = 91C30B4B2422AEDC0099E872 /* CityAirports.app */;
			productType = "com.apple.product-type.application";
		};
		91C30B602422AEDF0099E872 /* CityAirportsTests */ = {
			isa = PBXNativeTarget;
			buildConfigurationList = 91C30B782422AEE00099E872 /* Build configuration list for PBXNativeTarget "CityAirportsTests" */;
			buildPhases = (
				7675584A97C294B450285B68 /* [CP] Check Pods Manifest.lock */,
				91C30B5D2422AEDF0099E872 /* Sources */,
				91C30B5E2422AEDF0099E872 /* Frameworks */,
				91C30B5F2422AEDF0099E872 /* Resources */,
			);
			buildRules = (
			);
			dependencies = (
				91C30B632422AEDF0099E872 /* PBXTargetDependency */,
			);
			name = CityAirportsTests;
			productName = CityAirportsTests;
			productReference = 91C30B612422AEDF0099E872 /* CityAirportsTests.xctest */;
			productType = "com.apple.product-type.bundle.unit-test";
		};
		91C30B6B2422AEE00099E872 /* CityAirportsUITests */ = {
			isa = PBXNativeTarget;
			buildConfigurationList = 91C30B7B2422AEE00099E872 /* Build configuration list for PBXNativeTarget "CityAirportsUITests" */;
			buildPhases = (
				2BB9CCD733F65FFDE7CCC131 /* [CP] Check Pods Manifest.lock */,
				91C30B682422AEE00099E872 /* Sources */,
				91C30B692422AEE00099E872 /* Frameworks */,
				91C30B6A2422AEE00099E872 /* Resources */,
				B031663734CD94D3D1631ED8 /* [CP] Embed Pods Frameworks */,
			);
			buildRules = (
			);
			dependencies = (
				91C30B6E2422AEE00099E872 /* PBXTargetDependency */,
			);
			name = CityAirportsUITests;
			productName = CityAirportsUITests;
			productReference = 91C30B6C2422AEE00099E872 /* CityAirportsUITests.xctest */;
			productType = "com.apple.product-type.bundle.ui-testing";
		};
/* End PBXNativeTarget section */

/* Begin PBXProject section */
		91C30B432422AEDC0099E872 /* Project object */ = {
			isa = PBXProject;
			attributes = {
				LastSwiftUpdateCheck = 1130;
				LastUpgradeCheck = 1130;
				ORGANIZATIONNAME = "Claudio Carvalho";
				TargetAttributes = {
					91C30B4A2422AEDC0099E872 = {
						CreatedOnToolsVersion = 11.3.1;
					};
					91C30B602422AEDF0099E872 = {
						CreatedOnToolsVersion = 11.3.1;
						TestTargetID = 91C30B4A2422AEDC0099E872;
					};
					91C30B6B2422AEE00099E872 = {
						CreatedOnToolsVersion = 11.3.1;
						TestTargetID = 91C30B4A2422AEDC0099E872;
					};
				};
			};
			buildConfigurationList = 91C30B462422AEDC0099E872 /* Build configuration list for PBXProject "CityAirports" */;
			compatibilityVersion = "Xcode 9.3";
			developmentRegion = en;
			hasScannedForEncodings = 0;
			knownRegions = (
				en,
				Base,
			);
			mainGroup = 91C30B422422AEDC0099E872;
			productRefGroup = 91C30B4C2422AEDC0099E872 /* Products */;
			projectDirPath = "";
			projectRoot = "";
			targets = (
				91C30B4A2422AEDC0099E872 /* CityAirports */,
				91C30B602422AEDF0099E872 /* CityAirportsTests */,
				91C30B6B2422AEE00099E872 /* CityAirportsUITests */,
			);
		};
/* End PBXProject section */

/* Begin PBXResourcesBuildPhase section */
		91C30B492422AEDC0099E872 /* Resources */ = {
			isa = PBXResourcesBuildPhase;
			buildActionMask = 2147483647;
			files = (
				912D1CF0242EA92F0045C831 /* CityCell.xib in Resources */,
				91C30B812422B04D0099E872 /* .gitignore in Resources */,
				91C30B5B2422AEDF0099E872 /* LaunchScreen.storyboard in Resources */,
				91C30B582422AEDF0099E872 /* Assets.xcassets in Resources */,
				91C30B7F2422B0350099E872 /* README.md in Resources */,
				91C30B562422AEDC0099E872 /* Main.storyboard in Resources */,
			);
			runOnlyForDeploymentPostprocessing = 0;
		};
		91C30B5F2422AEDF0099E872 /* Resources */ = {
			isa = PBXResourcesBuildPhase;
			buildActionMask = 2147483647;
			files = (
			);
			runOnlyForDeploymentPostprocessing = 0;
		};
		91C30B6A2422AEE00099E872 /* Resources */ = {
			isa = PBXResourcesBuildPhase;
			buildActionMask = 2147483647;
			files = (
			);
			runOnlyForDeploymentPostprocessing = 0;
		};
/* End PBXResourcesBuildPhase section */

/* Begin PBXShellScriptBuildPhase section */
		2BB9CCD733F65FFDE7CCC131 /* [CP] Check Pods Manifest.lock */ = {
			isa = PBXShellScriptBuildPhase;
			buildActionMask = 2147483647;
			files = (
			);
			inputFileListPaths = (
			);
			inputPaths = (
				"${PODS_PODFILE_DIR_PATH}/Podfile.lock",
				"${PODS_ROOT}/Manifest.lock",
			);
			name = "[CP] Check Pods Manifest.lock";
			outputFileListPaths = (
			);
			outputPaths = (
				"$(DERIVED_FILE_DIR)/Pods-CityAirports-CityAirportsUITests-checkManifestLockResult.txt",
			);
			runOnlyForDeploymentPostprocessing = 0;
			shellPath = /bin/sh;
			shellScript = "diff \"${PODS_PODFILE_DIR_PATH}/Podfile.lock\" \"${PODS_ROOT}/Manifest.lock\" > /dev/null\nif [ $? != 0 ] ; then\n    # print error to STDERR\n    echo \"error: The sandbox is not in sync with the Podfile.lock. Run 'pod install' or update your CocoaPods installation.\" >&2\n    exit 1\nfi\n# This output is used by Xcode 'outputs' to avoid re-running this script phase.\necho \"SUCCESS\" > \"${SCRIPT_OUTPUT_FILE_0}\"\n";
			showEnvVarsInLog = 0;
		};
		504185FF050A27215BFA6C6E /* [CP] Embed Pods Frameworks */ = {
			isa = PBXShellScriptBuildPhase;
			buildActionMask = 2147483647;
			files = (
			);
			inputFileListPaths = (
				"${PODS_ROOT}/Target Support Files/Pods-CityAirports/Pods-CityAirports-frameworks-${CONFIGURATION}-input-files.xcfilelist",
			);
			name = "[CP] Embed Pods Frameworks";
			outputFileListPaths = (
				"${PODS_ROOT}/Target Support Files/Pods-CityAirports/Pods-CityAirports-frameworks-${CONFIGURATION}-output-files.xcfilelist",
			);
			runOnlyForDeploymentPostprocessing = 0;
			shellPath = /bin/sh;
			shellScript = "\"${PODS_ROOT}/Target Support Files/Pods-CityAirports/Pods-CityAirports-frameworks.sh\"\n";
			showEnvVarsInLog = 0;
		};
		75CE8D87AC5CA9B47E83C4EA /* [CP] Check Pods Manifest.lock */ = {
			isa = PBXShellScriptBuildPhase;
			buildActionMask = 2147483647;
			files = (
			);
			inputFileListPaths = (
			);
			inputPaths = (
				"${PODS_PODFILE_DIR_PATH}/Podfile.lock",
				"${PODS_ROOT}/Manifest.lock",
			);
			name = "[CP] Check Pods Manifest.lock";
			outputFileListPaths = (
			);
			outputPaths = (
				"$(DERIVED_FILE_DIR)/Pods-CityAirports-checkManifestLockResult.txt",
			);
			runOnlyForDeploymentPostprocessing = 0;
			shellPath = /bin/sh;
			shellScript = "diff \"${PODS_PODFILE_DIR_PATH}/Podfile.lock\" \"${PODS_ROOT}/Manifest.lock\" > /dev/null\nif [ $? != 0 ] ; then\n    # print error to STDERR\n    echo \"error: The sandbox is not in sync with the Podfile.lock. Run 'pod install' or update your CocoaPods installation.\" >&2\n    exit 1\nfi\n# This output is used by Xcode 'outputs' to avoid re-running this script phase.\necho \"SUCCESS\" > \"${SCRIPT_OUTPUT_FILE_0}\"\n";
			showEnvVarsInLog = 0;
		};
		7675584A97C294B450285B68 /* [CP] Check Pods Manifest.lock */ = {
			isa = PBXShellScriptBuildPhase;
			buildActionMask = 2147483647;
			files = (
			);
			inputFileListPaths = (
			);
			inputPaths = (
				"${PODS_PODFILE_DIR_PATH}/Podfile.lock",
				"${PODS_ROOT}/Manifest.lock",
			);
			name = "[CP] Check Pods Manifest.lock";
			outputFileListPaths = (
			);
			outputPaths = (
				"$(DERIVED_FILE_DIR)/Pods-CityAirportsTests-checkManifestLockResult.txt",
			);
			runOnlyForDeploymentPostprocessing = 0;
			shellPath = /bin/sh;
			shellScript = "diff \"${PODS_PODFILE_DIR_PATH}/Podfile.lock\" \"${PODS_ROOT}/Manifest.lock\" > /dev/null\nif [ $? != 0 ] ; then\n    # print error to STDERR\n    echo \"error: The sandbox is not in sync with the Podfile.lock. Run 'pod install' or update your CocoaPods installation.\" >&2\n    exit 1\nfi\n# This output is used by Xcode 'outputs' to avoid re-running this script phase.\necho \"SUCCESS\" > \"${SCRIPT_OUTPUT_FILE_0}\"\n";
			showEnvVarsInLog = 0;
		};
		B031663734CD94D3D1631ED8 /* [CP] Embed Pods Frameworks */ = {
			isa = PBXShellScriptBuildPhase;
			buildActionMask = 2147483647;
			files = (
			);
			inputFileListPaths = (
				"${PODS_ROOT}/Target Support Files/Pods-CityAirports-CityAirportsUITests/Pods-CityAirports-CityAirportsUITests-frameworks-${CONFIGURATION}-input-files.xcfilelist",
			);
			name = "[CP] Embed Pods Frameworks";
			outputFileListPaths = (
				"${PODS_ROOT}/Target Support Files/Pods-CityAirports-CityAirportsUITests/Pods-CityAirports-CityAirportsUITests-frameworks-${CONFIGURATION}-output-files.xcfilelist",
			);
			runOnlyForDeploymentPostprocessing = 0;
			shellPath = /bin/sh;
			shellScript = "\"${PODS_ROOT}/Target Support Files/Pods-CityAirports-CityAirportsUITests/Pods-CityAirports-CityAirportsUITests-frameworks.sh\"\n";
			showEnvVarsInLog = 0;
		};
/* End PBXShellScriptBuildPhase section */

/* Begin PBXSourcesBuildPhase section */
		91C30B472422AEDC0099E872 /* Sources */ = {
			isa = PBXSourcesBuildPhase;
			buildActionMask = 2147483647;
			files = (
				912D1CEF242EA92F0045C831 /* CityCell.swift in Sources */,
				91C30B8F2422BDB60099E872 /* Storyboardable.swift in Sources */,
				91C30BA72422C91B0099E872 /* AirportHttpRouter.swift in Sources */,
				91C30BB02423029D0099E872 /* CustomError.swift in Sources */,
				91C30BA22422C76F0099E872 /* HttpService.swift in Sources */,
				91C30B942422BE7D0099E872 /* BaseCoordinator.swift in Sources */,
				91C30BA02422C5B00099E872 /* HttpRouter.swift in Sources */,
				91C30B8C2422B2E50099E872 /* SearchCityViewController.swift in Sources */,
				912D1CEB242E9D000045C831 /* CityViewModel.swift in Sources */,
				91C30BA42422C8630099E872 /* AirportHttpService.swift in Sources */,
				91C30B922422BE590099E872 /* Coordinator.swift in Sources */,
				91C30B9C2422BF9B0099E872 /* SearchCityCoordinator.swift in Sources */,
				91C30B4F2422AEDC0099E872 /* AppDelegate.swift in Sources */,
				91C30BAB2422E70F0099E872 /* AirportAPI.swift in Sources */,
				91C30B512422AEDC0099E872 /* SceneDelegate.swift in Sources */,
				91C30B962422BEAA0099E872 /* AppCoordinator.swift in Sources */,
				91C30B992422BF0D0099E872 /* SearchCityViewModel.swift in Sources */,
				91C30BA92422D0170099E872 /* AirportService.swift in Sources */,
				91C30BAE2422E82D0099E872 /* AirportModel.swift in Sources */,
			);
			runOnlyForDeploymentPostprocessing = 0;
		};
		91C30B5D2422AEDF0099E872 /* Sources */ = {
			isa = PBXSourcesBuildPhase;
			buildActionMask = 2147483647;
			files = (
				91C30B662422AEE00099E872 /* CityAirportsTests.swift in Sources */,
			);
			runOnlyForDeploymentPostprocessing = 0;
		};
		91C30B682422AEE00099E872 /* Sources */ = {
			isa = PBXSourcesBuildPhase;
			buildActionMask = 2147483647;
			files = (
				91C30B712422AEE00099E872 /* CityAirportsUITests.swift in Sources */,
			);
			runOnlyForDeploymentPostprocessing = 0;
		};
/* End PBXSourcesBuildPhase section */

/* Begin PBXTargetDependency section */
		91C30B632422AEDF0099E872 /* PBXTargetDependency */ = {
			isa = PBXTargetDependency;
			target = 91C30B4A2422AEDC0099E872 /* CityAirports */;
			targetProxy = 91C30B622422AEDF0099E872 /* PBXContainerItemProxy */;
		};
		91C30B6E2422AEE00099E872 /* PBXTargetDependency */ = {
			isa = PBXTargetDependency;
			target = 91C30B4A2422AEDC0099E872 /* CityAirports */;
			targetProxy = 91C30B6D2422AEE00099E872 /* PBXContainerItemProxy */;
		};
/* End PBXTargetDependency section */

/* Begin PBXVariantGroup section */
		91C30B542422AEDC0099E872 /* Main.storyboard */ = {
			isa = PBXVariantGroup;
			children = (
				91C30B552422AEDC0099E872 /* Base */,
			);
			name = Main.storyboard;
			sourceTree = "<group>";
		};
		91C30B592422AEDF0099E872 /* LaunchScreen.storyboard */ = {
			isa = PBXVariantGroup;
			children = (
				91C30B5A2422AEDF0099E872 /* Base */,
			);
			name = LaunchScreen.storyboard;
			sourceTree = "<group>";
		};
/* End PBXVariantGroup section */

/* Begin XCBuildConfiguration section */
		91C30B732422AEE00099E872 /* Debug */ = {
			isa = XCBuildConfiguration;
			buildSettings = {
				ALWAYS_SEARCH_USER_PATHS = NO;
				CLANG_ANALYZER_NONNULL = YES;
				CLANG_ANALYZER_NUMBER_OBJECT_CONVERSION = YES_AGGRESSIVE;
				CLANG_CXX_LANGUAGE_STANDARD = "gnu++14";
				CLANG_CXX_LIBRARY = "libc++";
				CLANG_ENABLE_MODULES = YES;
				CLANG_ENABLE_OBJC_ARC = YES;
				CLANG_ENABLE_OBJC_WEAK = YES;
				CLANG_WARN_BLOCK_CAPTURE_AUTORELEASING = YES;
				CLANG_WARN_BOOL_CONVERSION = YES;
				CLANG_WARN_COMMA = YES;
				CLANG_WARN_CONSTANT_CONVERSION = YES;
				CLANG_WARN_DEPRECATED_OBJC_IMPLEMENTATIONS = YES;
				CLANG_WARN_DIRECT_OBJC_ISA_USAGE = YES_ERROR;
				CLANG_WARN_DOCUMENTATION_COMMENTS = YES;
				CLANG_WARN_EMPTY_BODY = YES;
				CLANG_WARN_ENUM_CONVERSION = YES;
				CLANG_WARN_INFINITE_RECURSION = YES;
				CLANG_WARN_INT_CONVERSION = YES;
				CLANG_WARN_NON_LITERAL_NULL_CONVERSION = YES;
				CLANG_WARN_OBJC_IMPLICIT_RETAIN_SELF = YES;
				CLANG_WARN_OBJC_LITERAL_CONVERSION = YES;
				CLANG_WARN_OBJC_ROOT_CLASS = YES_ERROR;
				CLANG_WARN_RANGE_LOOP_ANALYSIS = YES;
				CLANG_WARN_STRICT_PROTOTYPES = YES;
				CLANG_WARN_SUSPICIOUS_MOVE = YES;
				CLANG_WARN_UNGUARDED_AVAILABILITY = YES_AGGRESSIVE;
				CLANG_WARN_UNREACHABLE_CODE = YES;
				CLANG_WARN__DUPLICATE_METHOD_MATCH = YES;
				COPY_PHASE_STRIP = NO;
				DEBUG_INFORMATION_FORMAT = dwarf;
				ENABLE_STRICT_OBJC_MSGSEND = YES;
				ENABLE_TESTABILITY = YES;
				GCC_C_LANGUAGE_STANDARD = gnu11;
				GCC_DYNAMIC_NO_PIC = NO;
				GCC_NO_COMMON_BLOCKS = YES;
				GCC_OPTIMIZATION_LEVEL = 0;
				GCC_PREPROCESSOR_DEFINITIONS = (
					"DEBUG=1",
					"$(inherited)",
				);
				GCC_WARN_64_TO_32_BIT_CONVERSION = YES;
				GCC_WARN_ABOUT_RETURN_TYPE = YES_ERROR;
				GCC_WARN_UNDECLARED_SELECTOR = YES;
				GCC_WARN_UNINITIALIZED_AUTOS = YES_AGGRESSIVE;
				GCC_WARN_UNUSED_FUNCTION = YES;
				GCC_WARN_UNUSED_VARIABLE = YES;
				IPHONEOS_DEPLOYMENT_TARGET = 13.2;
				MTL_ENABLE_DEBUG_INFO = INCLUDE_SOURCE;
				MTL_FAST_MATH = YES;
				ONLY_ACTIVE_ARCH = YES;
				SDKROOT = iphoneos;
				SWIFT_ACTIVE_COMPILATION_CONDITIONS = DEBUG;
				SWIFT_OPTIMIZATION_LEVEL = "-Onone";
			};
			name = Debug;
		};
		91C30B742422AEE00099E872 /* Release */ = {
			isa = XCBuildConfiguration;
			buildSettings = {
				ALWAYS_SEARCH_USER_PATHS = NO;
				CLANG_ANALYZER_NONNULL = YES;
				CLANG_ANALYZER_NUMBER_OBJECT_CONVERSION = YES_AGGRESSIVE;
				CLANG_CXX_LANGUAGE_STANDARD = "gnu++14";
				CLANG_CXX_LIBRARY = "libc++";
				CLANG_ENABLE_MODULES = YES;
				CLANG_ENABLE_OBJC_ARC = YES;
				CLANG_ENABLE_OBJC_WEAK = YES;
				CLANG_WARN_BLOCK_CAPTURE_AUTORELEASING = YES;
				CLANG_WARN_BOOL_CONVERSION = YES;
				CLANG_WARN_COMMA = YES;
				CLANG_WARN_CONSTANT_CONVERSION = YES;
				CLANG_WARN_DEPRECATED_OBJC_IMPLEMENTATIONS = YES;
				CLANG_WARN_DIRECT_OBJC_ISA_USAGE = YES_ERROR;
				CLANG_WARN_DOCUMENTATION_COMMENTS = YES;
				CLANG_WARN_EMPTY_BODY = YES;
				CLANG_WARN_ENUM_CONVERSION = YES;
				CLANG_WARN_INFINITE_RECURSION = YES;
				CLANG_WARN_INT_CONVERSION = YES;
				CLANG_WARN_NON_LITERAL_NULL_CONVERSION = YES;
				CLANG_WARN_OBJC_IMPLICIT_RETAIN_SELF = YES;
				CLANG_WARN_OBJC_LITERAL_CONVERSION = YES;
				CLANG_WARN_OBJC_ROOT_CLASS = YES_ERROR;
				CLANG_WARN_RANGE_LOOP_ANALYSIS = YES;
				CLANG_WARN_STRICT_PROTOTYPES = YES;
				CLANG_WARN_SUSPICIOUS_MOVE = YES;
				CLANG_WARN_UNGUARDED_AVAILABILITY = YES_AGGRESSIVE;
				CLANG_WARN_UNREACHABLE_CODE = YES;
				CLANG_WARN__DUPLICATE_METHOD_MATCH = YES;
				COPY_PHASE_STRIP = NO;
				DEBUG_INFORMATION_FORMAT = "dwarf-with-dsym";
				ENABLE_NS_ASSERTIONS = NO;
				ENABLE_STRICT_OBJC_MSGSEND = YES;
				GCC_C_LANGUAGE_STANDARD = gnu11;
				GCC_NO_COMMON_BLOCKS = YES;
				GCC_WARN_64_TO_32_BIT_CONVERSION = YES;
				GCC_WARN_ABOUT_RETURN_TYPE = YES_ERROR;
				GCC_WARN_UNDECLARED_SELECTOR = YES;
				GCC_WARN_UNINITIALIZED_AUTOS = YES_AGGRESSIVE;
				GCC_WARN_UNUSED_FUNCTION = YES;
				GCC_WARN_UNUSED_VARIABLE = YES;
				IPHONEOS_DEPLOYMENT_TARGET = 13.2;
				MTL_ENABLE_DEBUG_INFO = NO;
				MTL_FAST_MATH = YES;
				SDKROOT = iphoneos;
				SWIFT_COMPILATION_MODE = wholemodule;
				SWIFT_OPTIMIZATION_LEVEL = "-O";
				VALIDATE_PRODUCT = YES;
			};
			name = Release;
		};
		91C30B762422AEE00099E872 /* Debug */ = {
			isa = XCBuildConfiguration;
			baseConfigurationReference = D53C07DD5B7ABE57F3AE9B1A /* Pods-CityAirports.debug.xcconfig */;
			buildSettings = {
				ASSETCATALOG_COMPILER_APPICON_NAME = AppIcon;
				CODE_SIGN_STYLE = Automatic;
				INFOPLIST_FILE = "$(SRCROOT)/CityAirports/Support Files/Info.plist";
				LD_RUNPATH_SEARCH_PATHS = (
					"$(inherited)",
					"@executable_path/Frameworks",
				);
				PRODUCT_BUNDLE_IDENTIFIER = dev.claudiocarvalho.CityAirports;
				PRODUCT_NAME = "$(TARGET_NAME)";
				SWIFT_VERSION = 5.0;
				TARGETED_DEVICE_FAMILY = "1,2";
			};
			name = Debug;
		};
		91C30B772422AEE00099E872 /* Release */ = {
			isa = XCBuildConfiguration;
			baseConfigurationReference = 2EBF6339BC319BC994E9DBB8 /* Pods-CityAirports.release.xcconfig */;
			buildSettings = {
				ASSETCATALOG_COMPILER_APPICON_NAME = AppIcon;
				CODE_SIGN_STYLE = Automatic;
				INFOPLIST_FILE = "$(SRCROOT)/CityAirports/Support Files/Info.plist";
				LD_RUNPATH_SEARCH_PATHS = (
					"$(inherited)",
					"@executable_path/Frameworks",
				);
				PRODUCT_BUNDLE_IDENTIFIER = dev.claudiocarvalho.CityAirports;
				PRODUCT_NAME = "$(TARGET_NAME)";
				SWIFT_VERSION = 5.0;
				TARGETED_DEVICE_FAMILY = "1,2";
			};
			name = Release;
		};
		91C30B792422AEE00099E872 /* Debug */ = {
			isa = XCBuildConfiguration;
			baseConfigurationReference = 3F55ECABD93B1317628D36E1 /* Pods-CityAirportsTests.debug.xcconfig */;
			buildSettings = {
				ALWAYS_EMBED_SWIFT_STANDARD_LIBRARIES = YES;
				BUNDLE_LOADER = "$(TEST_HOST)";
				CODE_SIGN_STYLE = Automatic;
				INFOPLIST_FILE = CityAirportsTests/Info.plist;
				IPHONEOS_DEPLOYMENT_TARGET = 13.2;
				LD_RUNPATH_SEARCH_PATHS = (
					"$(inherited)",
					"@executable_path/Frameworks",
					"@loader_path/Frameworks",
				);
				PRODUCT_BUNDLE_IDENTIFIER = dev.claudiocarvalho.CityAirportsTests;
				PRODUCT_NAME = "$(TARGET_NAME)";
				SWIFT_VERSION = 5.0;
				TARGETED_DEVICE_FAMILY = "1,2";
				TEST_HOST = "$(BUILT_PRODUCTS_DIR)/CityAirports.app/CityAirports";
			};
			name = Debug;
		};
		91C30B7A2422AEE00099E872 /* Release */ = {
			isa = XCBuildConfiguration;
			baseConfigurationReference = 18266E29106BDCAE39A0D675 /* Pods-CityAirportsTests.release.xcconfig */;
			buildSettings = {
				ALWAYS_EMBED_SWIFT_STANDARD_LIBRARIES = YES;
				BUNDLE_LOADER = "$(TEST_HOST)";
				CODE_SIGN_STYLE = Automatic;
				INFOPLIST_FILE = CityAirportsTests/Info.plist;
				IPHONEOS_DEPLOYMENT_TARGET = 13.2;
				LD_RUNPATH_SEARCH_PATHS = (
					"$(inherited)",
					"@executable_path/Frameworks",
					"@loader_path/Frameworks",
				);
				PRODUCT_BUNDLE_IDENTIFIER = dev.claudiocarvalho.CityAirportsTests;
				PRODUCT_NAME = "$(TARGET_NAME)";
				SWIFT_VERSION = 5.0;
				TARGETED_DEVICE_FAMILY = "1,2";
				TEST_HOST = "$(BUILT_PRODUCTS_DIR)/CityAirports.app/CityAirports";
			};
			name = Release;
		};
		91C30B7C2422AEE00099E872 /* Debug */ = {
			isa = XCBuildConfiguration;
			baseConfigurationReference = 22AEE4B4C86873294F5D4584 /* Pods-CityAirports-CityAirportsUITests.debug.xcconfig */;
			buildSettings = {
				ALWAYS_EMBED_SWIFT_STANDARD_LIBRARIES = YES;
				CODE_SIGN_STYLE = Automatic;
				INFOPLIST_FILE = CityAirportsUITests/Info.plist;
				LD_RUNPATH_SEARCH_PATHS = (
					"$(inherited)",
					"@executable_path/Frameworks",
					"@loader_path/Frameworks",
				);
				PRODUCT_BUNDLE_IDENTIFIER = dev.claudiocarvalho.CityAirportsUITests;
				PRODUCT_NAME = "$(TARGET_NAME)";
				SWIFT_VERSION = 5.0;
				TARGETED_DEVICE_FAMILY = "1,2";
				TEST_TARGET_NAME = CityAirports;
			};
			name = Debug;
		};
		91C30B7D2422AEE00099E872 /* Release */ = {
			isa = XCBuildConfiguration;
			baseConfigurationReference = 4F00A303237DB2BDB947E65E /* Pods-CityAirports-CityAirportsUITests.release.xcconfig */;
			buildSettings = {
				ALWAYS_EMBED_SWIFT_STANDARD_LIBRARIES = YES;
				CODE_SIGN_STYLE = Automatic;
				INFOPLIST_FILE = CityAirportsUITests/Info.plist;
				LD_RUNPATH_SEARCH_PATHS = (
					"$(inherited)",
					"@executable_path/Frameworks",
					"@loader_path/Frameworks",
				);
				PRODUCT_BUNDLE_IDENTIFIER = dev.claudiocarvalho.CityAirportsUITests;
				PRODUCT_NAME = "$(TARGET_NAME)";
				SWIFT_VERSION = 5.0;
				TARGETED_DEVICE_FAMILY = "1,2";
				TEST_TARGET_NAME = CityAirports;
			};
			name = Release;
		};
/* End XCBuildConfiguration section */

/* Begin XCConfigurationList section */
		91C30B462422AEDC0099E872 /* Build configuration list for PBXProject "CityAirports" */ = {
			isa = XCConfigurationList;
			buildConfigurations = (
				91C30B732422AEE00099E872 /* Debug */,
				91C30B742422AEE00099E872 /* Release */,
			);
			defaultConfigurationIsVisible = 0;
			defaultConfigurationName = Release;
		};
		91C30B752422AEE00099E872 /* Build configuration list for PBXNativeTarget "CityAirports" */ = {
			isa = XCConfigurationList;
			buildConfigurations = (
				91C30B762422AEE00099E872 /* Debug */,
				91C30B772422AEE00099E872 /* Release */,
			);
			defaultConfigurationIsVisible = 0;
			defaultConfigurationName = Release;
		};
		91C30B782422AEE00099E872 /* Build configuration list for PBXNativeTarget "CityAirportsTests" */ = {
			isa = XCConfigurationList;
			buildConfigurations = (
				91C30B792422AEE00099E872 /* Debug */,
				91C30B7A2422AEE00099E872 /* Release */,
			);
			defaultConfigurationIsVisible = 0;
			defaultConfigurationName = Release;
		};
		91C30B7B2422AEE00099E872 /* Build configuration list for PBXNativeTarget "CityAirportsUITests" */ = {
			isa = XCConfigurationList;
			buildConfigurations = (
				91C30B7C2422AEE00099E872 /* Debug */,
				91C30B7D2422AEE00099E872 /* Release */,
			);
			defaultConfigurationIsVisible = 0;
			defaultConfigurationName = Release;
		};
/* End XCConfigurationList section */
	};
	rootObject = 91C30B432422AEDC0099E872 /* Project object */;
}
